{"is_source_file": false, "format": "", "description": "", "external_files": [], "external_methods": [], "published": [], "classes": [], "methods": [], "calls": [], "search-terms": [], "state": 2, "file_id": 32, "knowledge_revision": 74, "git_revision": "04a0220e810cd01e97a5911b66cb6cf9615f7f02", "hash": "e9b4c3b42cef0193b7fddb548d37e652", "format-version": 4, "code-base-name": "default", "filename": "kavia_metrics_frontend_workspace/kavia_metrics_frontend/post_process_status.lock", "revision_history": [{"74": "04a0220e810cd01e97a5911b66cb6cf9615f7f02"}]}